
Microsoft Visual Studio Solution File, Format Version 12.00
# Visual Studio 15
VisualStudioVersion = 15.0.27703.2026
MinimumVisualStudioVersion = 10.0.40219.1
Project("{FAE04EC0-301F-11D3-BF4B-00C04F79EFBC}") = "TernopilDotNet", "TernopilDotNet\TernopilDotNet.csproj", "{328BABC7-DE90-4979-92FF-BF666B524BCF}"
EndProject
Project("{E53339B2-1760-4266-BCC7-CA923CBCF16C}") = "docker-compose", "docker-compose.dcproj", "{A8F4A910-86E5-4972-8FB8-3BF444C1AAB3}"
EndProject
Global
	GlobalSection(SolutionConfigurationPlatforms) = preSolution
		Debug|Any CPU = Debug|Any CPU
		Release|Any CPU = Release|Any CPU
	EndGlobalSection
	GlobalSection(ProjectConfigurationPlatforms) = postSolution
		{328BABC7-DE90-4979-92FF-BF666B524BCF}.Debug|Any CPU.ActiveCfg = Debug|Any CPU
		{328BABC7-DE90-4979-92FF-BF666B524BCF}.Debug|Any CPU.Build.0 = Debug|Any CPU
		{328BABC7-DE90-4979-92FF-BF666B524BCF}.Release|Any CPU.ActiveCfg = Release|Any CPU
		{328BABC7-DE90-4979-92FF-BF666B524BCF}.Release|Any CPU.Build.0 = Release|Any CPU
		{A8F4A910-86E5-4972-8FB8-3BF444C1AAB3}.Debug|Any CPU.ActiveCfg = Debug|Any CPU
		{A8F4A910-86E5-4972-8FB8-3BF444C1AAB3}.Debug|Any CPU.Build.0 = Debug|Any CPU
		{A8F4A910-86E5-4972-8FB8-3BF444C1AAB3}.Release|Any CPU.ActiveCfg = Release|Any CPU
		{A8F4A910-86E5-4972-8FB8-3BF444C1AAB3}.Release|Any CPU.Build.0 = Release|Any CPU
	EndGlobalSection
	GlobalSection(SolutionProperties) = preSolution
		HideSolutionNode = FALSE
	EndGlobalSection
	GlobalSection(ExtensibilityGlobals) = postSolution
		SolutionGuid = {5CD47FA2-4819-4166-9DDD-5417DB4F216C}
	EndGlobalSection
EndGlobal
